// !$*UTF8*$!
{
	archiveVersion = 1;
	classes = {
	};
	objectVersion = 77;
	objects = {

/* Begin PBXBuildFile section */
		0B4D409FCBEAAC4D417C9337 /* TerminalColors.swift in Sources */ = {isa = PBXBuildFile; fileRef = 08B5AD24B7FB78776950849F /* TerminalColors.swift */; };
		0F3440B318C799605CF74543 /* TmuxController.swift in Sources */ = {isa = PBXBuildFile; fileRef = 03128097459FA68AB16B45AE /* TmuxController.swift */; };
		1231F28FAA0DE3E29556D660 /* SessionState.swift in Sources */ = {isa = PBXBuildFile; fileRef = 1424B4BFA6AAD1F0BFE42AFF /* SessionState.swift */; };
		141AC652FC0B6E682914CFBC /* ProcessTreeBuilder.swift in Sources */ = {isa = PBXBuildFile; fileRef = DEE2B6FD11C041C563BB06CD /* ProcessTreeBuilder.swift */; };
		18B5F00C0FD359AB1C00D943 /* ConversationParser.swift in Sources */ = {isa = PBXBuildFile; fileRef = 97F1F65AC6B631A4EF5D32CC /* ConversationParser.swift */; };
		286F215E8831A0344D62077D /* AppDelegate.swift in Sources */ = {isa = PBXBuildFile; fileRef = DEA109DCBD303D912C0C256D /* AppDelegate.swift */; };
		2A56EBB357C936B3611B0ED3 /* ActionButton.swift in Sources */ = {isa = PBXBuildFile; fileRef = CBE8BD6973BFCC53A50651CB /* ActionButton.swift */; };
		2CBE11E4B9CDBD0AE3D6BAA0 /* ToolEventProcessor.swift in Sources */ = {isa = PBXBuildFile; fileRef = 73300950C9253CB65F13E6C2 /* ToolEventProcessor.swift */; };
		4A186428DAAC057A1072B612 /* SessionPhaseHelpers.swift in Sources */ = {isa = PBXBuildFile; fileRef = 1CC2F64075FFFC8F3EF026D5 /* SessionPhaseHelpers.swift */; };
		4D6B6776A90B9DD0D5F698CF /* ProcessExecutor.swift in Sources */ = {isa = PBXBuildFile; fileRef = 99AC45D7FADEDA26DDECEC05 /* ProcessExecutor.swift */; };
		4F1B754A057DBBDB7371889C /* TmuxSessionMatcher.swift in Sources */ = {isa = PBXBuildFile; fileRef = 464DA78A8C5C34862C32420B /* TmuxSessionMatcher.swift */; };
		50AA6EA67F605F090F4A80FA /* NotchyApp.swift in Sources */ = {isa = PBXBuildFile; fileRef = E6F13CDC195ACE550AB8EF02 /* NotchyApp.swift */; };
		5969DDE6305E8D4702226FFB /* NotchView.swift in Sources */ = {isa = PBXBuildFile; fileRef = 4365D806B40EDDBFFE832436 /* NotchView.swift */; };
		5B9EA54159C4FE9EE02EE6B5 /* FileSyncScheduler.swift in Sources */ = {isa = PBXBuildFile; fileRef = 500003851900F1634152B2A8 /* FileSyncScheduler.swift */; };
		5F5D6804EFADF546E571C00B /* EventMonitor.swift in Sources */ = {isa = PBXBuildFile; fileRef = 16ED0889ABE905490F6E1070 /* EventMonitor.swift */; };
		629862CC618652C3C0D363E1 /* NotchWindow.swift in Sources */ = {isa = PBXBuildFile; fileRef = 8AB1E2FD23040A3C682855F0 /* NotchWindow.swift */; };
		63B63D45CC6369FB63402D93 /* EventMonitors.swift in Sources */ = {isa = PBXBuildFile; fileRef = 83508A2D1B606062755721D7 /* EventMonitors.swift */; };
		651DC908592C14AA94A28F5B /* Sparkle in Frameworks */ = {isa = PBXBuildFile; productRef = 119AC7F66A0AEE48A32CF11A /* Sparkle */; };
		66AB6D33D08C467928B32172 /* StatusIcons.swift in Sources */ = {isa = PBXBuildFile; fileRef = 3ED3595F23512B2E9D17C8BF /* StatusIcons.swift */; };
		6FD5D9E1002B364ED2999DDD /* TmuxTargetFinder.swift in Sources */ = {isa = PBXBuildFile; fileRef = 7101B9540657247D000E27DD /* TmuxTargetFinder.swift */; };
		78DBE0207BBFF3F9412D5ADC /* ScreenObserver.swift in Sources */ = {isa = PBXBuildFile; fileRef = C3DEBA99C3A23AB06C64CBD6 /* ScreenObserver.swift */; };
		7C98D04FF1D668D5762296A3 /* ProcessingSpinner.swift in Sources */ = {isa = PBXBuildFile; fileRef = 0C9C0FFE537C5210AB7021B7 /* ProcessingSpinner.swift */; };
		87EC16167869872425D8D96D /* TerminalVisibilityDetector.swift in Sources */ = {isa = PBXBuildFile; fileRef = 0EBFE8A7284668D1A7A45662 /* TerminalVisibilityDetector.swift */; };
		8E836F4759EB025995F80846 /* SessionPhase.swift in Sources */ = {isa = PBXBuildFile; fileRef = 702D4DCEF194BC154123AC9A /* SessionPhase.swift */; };
		9185EFC78EFA185EDD168D1C /* NotchActivityCoordinator.swift in Sources */ = {isa = PBXBuildFile; fileRef = 96CDF7B853B0720B513CE86E /* NotchActivityCoordinator.swift */; };
		932D19448966B46B02EA543C /* SessionStore.swift in Sources */ = {isa = PBXBuildFile; fileRef = 27EF8A967EA76A49AD05D565 /* SessionStore.swift */; };
		9BB3519A1FF23135709B3A76 /* TmuxPathFinder.swift in Sources */ = {isa = PBXBuildFile; fileRef = 41D19F89A2C7E253BEEFCA20 /* TmuxPathFinder.swift */; };
		9C9A2EA0A1D0D275542D8343 /* ChatMessage.swift in Sources */ = {isa = PBXBuildFile; fileRef = 0B5E04F3FEC9135DA46CF1D5 /* ChatMessage.swift */; };
		9D23AF4FD04C9FA362554AA5 /* NotchWindowController.swift in Sources */ = {isa = PBXBuildFile; fileRef = C5E1C5CDADBE75D939CEFAE8 /* NotchWindowController.swift */; };
		9E2CCFC8307F39DE9634C10B /* ToolApprovalHandler.swift in Sources */ = {isa = PBXBuildFile; fileRef = ABE6CBADDC6A3AC7654176D6 /* ToolApprovalHandler.swift */; };
		A3B01F78ADE7FB58335DDFA8 /* Markdown in Frameworks */ = {isa = PBXBuildFile; productRef = B6BB3971E77757E9236B846B /* Markdown */; };
		A4E5095ECA2DE5930AC00670 /* NotchViewController.swift in Sources */ = {isa = PBXBuildFile; fileRef = 744E7567C45E612F3F5A19E8 /* NotchViewController.swift */; };
		A536742E79F229A990FA5D6A /* NotchShape.swift in Sources */ = {isa = PBXBuildFile; fileRef = 26065D3114C159E8D3264C8D /* NotchShape.swift */; };
		AFBA7CF5CCA4719E4738A4DF /* ClaudeSessionMonitor.swift in Sources */ = {isa = PBXBuildFile; fileRef = 45267B030804E8E9FA213E5F /* ClaudeSessionMonitor.swift */; };
		B256674DE1AF2B59D1868C16 /* Ext+NSScreen.swift in Sources */ = {isa = PBXBuildFile; fileRef = 0B0BD55B8B310B306FA0806F /* Ext+NSScreen.swift */; };
		B599241604879F95767E3028 /* MCPToolFormatter.swift in Sources */ = {isa = PBXBuildFile; fileRef = C0EA933DDA835F2F722E265A /* MCPToolFormatter.swift */; };
		B617CFC96A0B3D16B7C4076C /* AgentFileWatcher.swift in Sources */ = {isa = PBXBuildFile; fileRef = 1B24714171C264CB1E9968F9 /* AgentFileWatcher.swift */; };
		BFDF4B5AB21385D063BE1B54 /* SessionEvent.swift in Sources */ = {isa = PBXBuildFile; fileRef = 47D1014ABDFB935420C56BB5 /* SessionEvent.swift */; };
		D1368DCFFCD8B554C1698910 /* TmuxTarget.swift in Sources */ = {isa = PBXBuildFile; fileRef = 0A5F5DB59A2A805CCEC0E045 /* TmuxTarget.swift */; };
		D17D1E17B7296268F0EAC65F /* HookInstaller.swift in Sources */ = {isa = PBXBuildFile; fileRef = FAB7B83134F23F061664267D /* HookInstaller.swift */; };
		D1BEE456B3BF7EB0CE5492A6 /* ScreenSelector.swift in Sources */ = {isa = PBXBuildFile; fileRef = 963FD79859393ACD1333B55C /* ScreenSelector.swift */; };
		D1D785839614A3993EF1499E /* ToolResultData.swift in Sources */ = {isa = PBXBuildFile; fileRef = 0A5813F31D26E7B5BEB5907A /* ToolResultData.swift */; };
		E2FCCCC06E560938CF231939 /* NotchHeaderView.swift in Sources */ = {isa = PBXBuildFile; fileRef = 84D536EFB5C19A941479909B /* NotchHeaderView.swift */; };
		E4059F48654D88989AB9B1ED /* JSONLInterruptWatcher.swift in Sources */ = {isa = PBXBuildFile; fileRef = 476F28F04CDFDF47A11394A1 /* JSONLInterruptWatcher.swift */; };
		E5527032E84159EA245B5758 /* WindowManager.swift in Sources */ = {isa = PBXBuildFile; fileRef = AB8C01096B5B15A4CC485834 /* WindowManager.swift */; };
		E78CE6AC586B98FE8801FE6D /* Settings.swift in Sources */ = {isa = PBXBuildFile; fileRef = A0F21B3AA27E2CE3D7869674 /* Settings.swift */; };
		ECA1E0D03BF79727A1196BC5 /* NotchViewModel.swift in Sources */ = {isa = PBXBuildFile; fileRef = 1D361023F9095B7886ACB173 /* NotchViewModel.swift */; };
		F37B140E9A00E7E56ADC41B2 /* NotchGeometry.swift in Sources */ = {isa = PBXBuildFile; fileRef = 5B50EDEA77D83EC17BF217DB /* NotchGeometry.swift */; };
		FA267D41F9B4D72056F359EB /* TerminalAppRegistry.swift in Sources */ = {isa = PBXBuildFile; fileRef = 7050143612CD61CAE3D6265A /* TerminalAppRegistry.swift */; };
		FB2E556B5DB0C97249F5CA89 /* ChatHistoryManager.swift in Sources */ = {isa = PBXBuildFile; fileRef = E052AC90E46A8384AA21488E /* ChatHistoryManager.swift */; };
		FC4262AA57FE2CE686C2E4A5 /* HookSocketServer.swift in Sources */ = {isa = PBXBuildFile; fileRef = 9B5E052548E74384C6B8B6CE /* HookSocketServer.swift */; };
		FF23E60DAF2729416DB03C32 /* SoundSelector.swift in Sources */ = {isa = PBXBuildFile; fileRef = 3CDEB4F5CBDA4692928CE109 /* SoundSelector.swift */; };
/* End PBXBuildFile section */

/* Begin PBXFileReference section */
		03128097459FA68AB16B45AE /* TmuxController.swift */ = {isa = PBXFileReference; lastKnownFileType = sourcecode.swift; path = TmuxController.swift; sourceTree = "<group>"; };
		08B5AD24B7FB78776950849F /* TerminalColors.swift */ = {isa = PBXFileReference; lastKnownFileType = sourcecode.swift; path = TerminalColors.swift; sourceTree = "<group>"; };
		0A5813F31D26E7B5BEB5907A /* ToolResultData.swift */ = {isa = PBXFileReference; lastKnownFileType = sourcecode.swift; path = ToolResultData.swift; sourceTree = "<group>"; };
		0A5F5DB59A2A805CCEC0E045 /* TmuxTarget.swift */ = {isa = PBXFileReference; lastKnownFileType = sourcecode.swift; path = TmuxTarget.swift; sourceTree = "<group>"; };
		0B0BD55B8B310B306FA0806F /* Ext+NSScreen.swift */ = {isa = PBXFileReference; lastKnownFileType = sourcecode.swift; path = "Ext+NSScreen.swift"; sourceTree = "<group>"; };
		0B5E04F3FEC9135DA46CF1D5 /* ChatMessage.swift */ = {isa = PBXFileReference; lastKnownFileType = sourcecode.swift; path = ChatMessage.swift; sourceTree = "<group>"; };
		0C9C0FFE537C5210AB7021B7 /* ProcessingSpinner.swift */ = {isa = PBXFileReference; lastKnownFileType = sourcecode.swift; path = ProcessingSpinner.swift; sourceTree = "<group>"; };
		0EBFE8A7284668D1A7A45662 /* TerminalVisibilityDetector.swift */ = {isa = PBXFileReference; lastKnownFileType = sourcecode.swift; path = TerminalVisibilityDetector.swift; sourceTree = "<group>"; };
		1424B4BFA6AAD1F0BFE42AFF /* SessionState.swift */ = {isa = PBXFileReference; lastKnownFileType = sourcecode.swift; path = SessionState.swift; sourceTree = "<group>"; };
		16ED0889ABE905490F6E1070 /* EventMonitor.swift */ = {isa = PBXFileReference; lastKnownFileType = sourcecode.swift; path = EventMonitor.swift; sourceTree = "<group>"; };
		1B24714171C264CB1E9968F9 /* AgentFileWatcher.swift */ = {isa = PBXFileReference; lastKnownFileType = sourcecode.swift; path = AgentFileWatcher.swift; sourceTree = "<group>"; };
		1CC2F64075FFFC8F3EF026D5 /* SessionPhaseHelpers.swift */ = {isa = PBXFileReference; lastKnownFileType = sourcecode.swift; path = SessionPhaseHelpers.swift; sourceTree = "<group>"; };
		1D361023F9095B7886ACB173 /* NotchViewModel.swift */ = {isa = PBXFileReference; lastKnownFileType = sourcecode.swift; path = NotchViewModel.swift; sourceTree = "<group>"; };
		26065D3114C159E8D3264C8D /* NotchShape.swift */ = {isa = PBXFileReference; lastKnownFileType = sourcecode.swift; path = NotchShape.swift; sourceTree = "<group>"; };
		27EF8A967EA76A49AD05D565 /* SessionStore.swift */ = {isa = PBXFileReference; lastKnownFileType = sourcecode.swift; path = SessionStore.swift; sourceTree = "<group>"; };
		2A27399F0C16B05551598DF9 /* Notchy.app */ = {isa = PBXFileReference; explicitFileType = wrapper.application; includeInIndex = 0; path = Notchy.app; sourceTree = BUILT_PRODUCTS_DIR; };
		3CDEB4F5CBDA4692928CE109 /* SoundSelector.swift */ = {isa = PBXFileReference; lastKnownFileType = sourcecode.swift; path = SoundSelector.swift; sourceTree = "<group>"; };
		3ED3595F23512B2E9D17C8BF /* StatusIcons.swift */ = {isa = PBXFileReference; lastKnownFileType = sourcecode.swift; path = StatusIcons.swift; sourceTree = "<group>"; };
		41D19F89A2C7E253BEEFCA20 /* TmuxPathFinder.swift */ = {isa = PBXFileReference; lastKnownFileType = sourcecode.swift; path = TmuxPathFinder.swift; sourceTree = "<group>"; };
		4365D806B40EDDBFFE832436 /* NotchView.swift */ = {isa = PBXFileReference; lastKnownFileType = sourcecode.swift; path = NotchView.swift; sourceTree = "<group>"; };
		45267B030804E8E9FA213E5F /* ClaudeSessionMonitor.swift */ = {isa = PBXFileReference; lastKnownFileType = sourcecode.swift; path = ClaudeSessionMonitor.swift; sourceTree = "<group>"; };
		464DA78A8C5C34862C32420B /* TmuxSessionMatcher.swift */ = {isa = PBXFileReference; lastKnownFileType = sourcecode.swift; path = TmuxSessionMatcher.swift; sourceTree = "<group>"; };
		476F28F04CDFDF47A11394A1 /* JSONLInterruptWatcher.swift */ = {isa = PBXFileReference; lastKnownFileType = sourcecode.swift; path = JSONLInterruptWatcher.swift; sourceTree = "<group>"; };
		47D1014ABDFB935420C56BB5 /* SessionEvent.swift */ = {isa = PBXFileReference; lastKnownFileType = sourcecode.swift; path = SessionEvent.swift; sourceTree = "<group>"; };
		500003851900F1634152B2A8 /* FileSyncScheduler.swift */ = {isa = PBXFileReference; lastKnownFileType = sourcecode.swift; path = FileSyncScheduler.swift; sourceTree = "<group>"; };
		5B50EDEA77D83EC17BF217DB /* NotchGeometry.swift */ = {isa = PBXFileReference; lastKnownFileType = sourcecode.swift; path = NotchGeometry.swift; sourceTree = "<group>"; };
		702D4DCEF194BC154123AC9A /* SessionPhase.swift */ = {isa = PBXFileReference; lastKnownFileType = sourcecode.swift; path = SessionPhase.swift; sourceTree = "<group>"; };
		7050143612CD61CAE3D6265A /* TerminalAppRegistry.swift */ = {isa = PBXFileReference; lastKnownFileType = sourcecode.swift; path = TerminalAppRegistry.swift; sourceTree = "<group>"; };
		7101B9540657247D000E27DD /* TmuxTargetFinder.swift */ = {isa = PBXFileReference; lastKnownFileType = sourcecode.swift; path = TmuxTargetFinder.swift; sourceTree = "<group>"; };
		73300950C9253CB65F13E6C2 /* ToolEventProcessor.swift */ = {isa = PBXFileReference; lastKnownFileType = sourcecode.swift; path = ToolEventProcessor.swift; sourceTree = "<group>"; };
		744E7567C45E612F3F5A19E8 /* NotchViewController.swift */ = {isa = PBXFileReference; lastKnownFileType = sourcecode.swift; path = NotchViewController.swift; sourceTree = "<group>"; };
		83508A2D1B606062755721D7 /* EventMonitors.swift */ = {isa = PBXFileReference; lastKnownFileType = sourcecode.swift; path = EventMonitors.swift; sourceTree = "<group>"; };
		84D536EFB5C19A941479909B /* NotchHeaderView.swift */ = {isa = PBXFileReference; lastKnownFileType = sourcecode.swift; path = NotchHeaderView.swift; sourceTree = "<group>"; };
		8AB1E2FD23040A3C682855F0 /* NotchWindow.swift */ = {isa = PBXFileReference; lastKnownFileType = sourcecode.swift; path = NotchWindow.swift; sourceTree = "<group>"; };
		963FD79859393ACD1333B55C /* ScreenSelector.swift */ = {isa = PBXFileReference; lastKnownFileType = sourcecode.swift; path = ScreenSelector.swift; sourceTree = "<group>"; };
		96CDF7B853B0720B513CE86E /* NotchActivityCoordinator.swift */ = {isa = PBXFileReference; lastKnownFileType = sourcecode.swift; path = NotchActivityCoordinator.swift; sourceTree = "<group>"; };
		97F1F65AC6B631A4EF5D32CC /* ConversationParser.swift */ = {isa = PBXFileReference; lastKnownFileType = sourcecode.swift; path = ConversationParser.swift; sourceTree = "<group>"; };
		99AC45D7FADEDA26DDECEC05 /* ProcessExecutor.swift */ = {isa = PBXFileReference; lastKnownFileType = sourcecode.swift; path = ProcessExecutor.swift; sourceTree = "<group>"; };
		9B5E052548E74384C6B8B6CE /* HookSocketServer.swift */ = {isa = PBXFileReference; lastKnownFileType = sourcecode.swift; path = HookSocketServer.swift; sourceTree = "<group>"; };
		A0F21B3AA27E2CE3D7869674 /* Settings.swift */ = {isa = PBXFileReference; lastKnownFileType = sourcecode.swift; path = Settings.swift; sourceTree = "<group>"; };
		AB8C01096B5B15A4CC485834 /* WindowManager.swift */ = {isa = PBXFileReference; lastKnownFileType = sourcecode.swift; path = WindowManager.swift; sourceTree = "<group>"; };
		ABE6CBADDC6A3AC7654176D6 /* ToolApprovalHandler.swift */ = {isa = PBXFileReference; lastKnownFileType = sourcecode.swift; path = ToolApprovalHandler.swift; sourceTree = "<group>"; };
		C0EA933DDA835F2F722E265A /* MCPToolFormatter.swift */ = {isa = PBXFileReference; lastKnownFileType = sourcecode.swift; path = MCPToolFormatter.swift; sourceTree = "<group>"; };
		C3DEBA99C3A23AB06C64CBD6 /* ScreenObserver.swift */ = {isa = PBXFileReference; lastKnownFileType = sourcecode.swift; path = ScreenObserver.swift; sourceTree = "<group>"; };
		C5E1C5CDADBE75D939CEFAE8 /* NotchWindowController.swift */ = {isa = PBXFileReference; lastKnownFileType = sourcecode.swift; path = NotchWindowController.swift; sourceTree = "<group>"; };
		CBE8BD6973BFCC53A50651CB /* ActionButton.swift */ = {isa = PBXFileReference; lastKnownFileType = sourcecode.swift; path = ActionButton.swift; sourceTree = "<group>"; };
		DEA109DCBD303D912C0C256D /* AppDelegate.swift */ = {isa = PBXFileReference; lastKnownFileType = sourcecode.swift; path = AppDelegate.swift; sourceTree = "<group>"; };
		DEE2B6FD11C041C563BB06CD /* ProcessTreeBuilder.swift */ = {isa = PBXFileReference; lastKnownFileType = sourcecode.swift; path = ProcessTreeBuilder.swift; sourceTree = "<group>"; };
		E052AC90E46A8384AA21488E /* ChatHistoryManager.swift */ = {isa = PBXFileReference; lastKnownFileType = sourcecode.swift; path = ChatHistoryManager.swift; sourceTree = "<group>"; };
		E6F13CDC195ACE550AB8EF02 /* NotchyApp.swift */ = {isa = PBXFileReference; lastKnownFileType = sourcecode.swift; path = NotchyApp.swift; sourceTree = "<group>"; };
		FAB7B83134F23F061664267D /* HookInstaller.swift */ = {isa = PBXFileReference; lastKnownFileType = sourcecode.swift; path = HookInstaller.swift; sourceTree = "<group>"; };
/* End PBXFileReference section */

/* Begin PBXFrameworksBuildPhase section */
		DCA641A6B5B966FD0C67FAF2 /* Frameworks */ = {
			isa = PBXFrameworksBuildPhase;
			buildActionMask = 2147483647;
			files = (
				A3B01F78ADE7FB58335DDFA8 /* Markdown in Frameworks */,
				651DC908592C14AA94A28F5B /* Sparkle in Frameworks */,
			);
			runOnlyForDeploymentPostprocessing = 0;
		};
/* End PBXFrameworksBuildPhase section */

/* Begin PBXGroup section */
		03D3B0ED2B2449A0FF803D24 /* Window */ = {
			isa = PBXGroup;
			children = (
				744E7567C45E612F3F5A19E8 /* NotchViewController.swift */,
				8AB1E2FD23040A3C682855F0 /* NotchWindow.swift */,
				C5E1C5CDADBE75D939CEFAE8 /* NotchWindowController.swift */,
			);
			path = Window;
			sourceTree = "<group>";
		};
		052C2DD7E247B2709505C9D9 /* Update */ = {
			isa = PBXGroup;
			children = (
			);
			path = Update;
			sourceTree = "<group>";
		};
		1912D5B2684B4B68E2691747 /* Window */ = {
			isa = PBXGroup;
			children = (
			);
			path = Window;
			sourceTree = "<group>";
		};
		1E602BF86FB6C687744FA081 /* App */ = {
			isa = PBXGroup;
			children = (
				DEA109DCBD303D912C0C256D /* AppDelegate.swift */,
				E6F13CDC195ACE550AB8EF02 /* NotchyApp.swift */,
				C3DEBA99C3A23AB06C64CBD6 /* ScreenObserver.swift */,
				AB8C01096B5B15A4CC485834 /* WindowManager.swift */,
			);
			path = App;
			sourceTree = "<group>";
		};
		26B68461CC22B635C8EB8994 /* State */ = {
			isa = PBXGroup;
			children = (
				500003851900F1634152B2A8 /* FileSyncScheduler.swift */,
				27EF8A967EA76A49AD05D565 /* SessionStore.swift */,
				73300950C9253CB65F13E6C2 /* ToolEventProcessor.swift */,
			);
			path = State;
			sourceTree = "<group>";
		};
		2C11DC841A1B7D3C0EBB6CF3 /* Chat */ = {
			isa = PBXGroup;
			children = (
				E052AC90E46A8384AA21488E /* ChatHistoryManager.swift */,
			);
			path = Chat;
			sourceTree = "<group>";
		};
		335227FC9A12394369B806E1 /* Components */ = {
			isa = PBXGroup;
			children = (
				CBE8BD6973BFCC53A50651CB /* ActionButton.swift */,
				26065D3114C159E8D3264C8D /* NotchShape.swift */,
				0C9C0FFE537C5210AB7021B7 /* ProcessingSpinner.swift */,
				3ED3595F23512B2E9D17C8BF /* StatusIcons.swift */,
				08B5AD24B7FB78776950849F /* TerminalColors.swift */,
			);
			path = Components;
			sourceTree = "<group>";
		};
		3416008C81F990E9DBD1E49D /* Services */ = {
			isa = PBXGroup;
			children = (
				2C11DC841A1B7D3C0EBB6CF3 /* Chat */,
				8967340A1826304E5FEA2476 /* Hooks */,
				60405671A27878B152481882 /* Session */,
				7908F60A5F1B818BA01EB888 /* Shared */,
				26B68461CC22B635C8EB8994 /* State */,
				B0E10FF4DE117CA4D3D6F245 /* Tmux */,
				052C2DD7E247B2709505C9D9 /* Update */,
				1912D5B2684B4B68E2691747 /* Window */,
			);
			path = Services;
			sourceTree = "<group>";
		};
		58AB005080DD0C3527514D67 /* Core */ = {
			isa = PBXGroup;
			children = (
				0B0BD55B8B310B306FA0806F /* Ext+NSScreen.swift */,
				96CDF7B853B0720B513CE86E /* NotchActivityCoordinator.swift */,
				5B50EDEA77D83EC17BF217DB /* NotchGeometry.swift */,
				1D361023F9095B7886ACB173 /* NotchViewModel.swift */,
				963FD79859393ACD1333B55C /* ScreenSelector.swift */,
				A0F21B3AA27E2CE3D7869674 /* Settings.swift */,
				3CDEB4F5CBDA4692928CE109 /* SoundSelector.swift */,
			);
			path = Core;
			sourceTree = "<group>";
		};
		60405671A27878B152481882 /* Session */ = {
			isa = PBXGroup;
			children = (
				1B24714171C264CB1E9968F9 /* AgentFileWatcher.swift */,
				45267B030804E8E9FA213E5F /* ClaudeSessionMonitor.swift */,
				97F1F65AC6B631A4EF5D32CC /* ConversationParser.swift */,
				476F28F04CDFDF47A11394A1 /* JSONLInterruptWatcher.swift */,
			);
			path = Session;
			sourceTree = "<group>";
		};
		61B726BEA341501815727D19 /* Utilities */ = {
			isa = PBXGroup;
			children = (
				C0EA933DDA835F2F722E265A /* MCPToolFormatter.swift */,
				1CC2F64075FFFC8F3EF026D5 /* SessionPhaseHelpers.swift */,
				0EBFE8A7284668D1A7A45662 /* TerminalVisibilityDetector.swift */,
			);
			path = Utilities;
			sourceTree = "<group>";
		};
		7908F60A5F1B818BA01EB888 /* Shared */ = {
			isa = PBXGroup;
			children = (
				99AC45D7FADEDA26DDECEC05 /* ProcessExecutor.swift */,
				DEE2B6FD11C041C563BB06CD /* ProcessTreeBuilder.swift */,
				7050143612CD61CAE3D6265A /* TerminalAppRegistry.swift */,
			);
			path = Shared;
			sourceTree = "<group>";
		};
		8967340A1826304E5FEA2476 /* Hooks */ = {
			isa = PBXGroup;
			children = (
				FAB7B83134F23F061664267D /* HookInstaller.swift */,
				9B5E052548E74384C6B8B6CE /* HookSocketServer.swift */,
			);
			path = Hooks;
			sourceTree = "<group>";
		};
		8AAE08FDE81CB4DE4BDB30D6 /* Views */ = {
			isa = PBXGroup;
			children = (
				84D536EFB5C19A941479909B /* NotchHeaderView.swift */,
				4365D806B40EDDBFFE832436 /* NotchView.swift */,
			);
			path = Views;
			sourceTree = "<group>";
		};
		A074B4C984203298BC1D8CFF /* Models */ = {
			isa = PBXGroup;
			children = (
				0B5E04F3FEC9135DA46CF1D5 /* ChatMessage.swift */,
				47D1014ABDFB935420C56BB5 /* SessionEvent.swift */,
				702D4DCEF194BC154123AC9A /* SessionPhase.swift */,
				1424B4BFA6AAD1F0BFE42AFF /* SessionState.swift */,
				0A5F5DB59A2A805CCEC0E045 /* TmuxTarget.swift */,
				0A5813F31D26E7B5BEB5907A /* ToolResultData.swift */,
			);
			path = Models;
			sourceTree = "<group>";
		};
		A13FABD741219299261761DC /* Notchy */ = {
			isa = PBXGroup;
			children = (
				1E602BF86FB6C687744FA081 /* App */,
				58AB005080DD0C3527514D67 /* Core */,
				B2571740DEA0051172CF5FF9 /* Events */,
				A074B4C984203298BC1D8CFF /* Models */,
				3416008C81F990E9DBD1E49D /* Services */,
				A58AD8C727CA45E9FA6BD3E2 /* UI */,
				61B726BEA341501815727D19 /* Utilities */,
			);
			path = Notchy;
			sourceTree = "<group>";
		};
		A58AD8C727CA45E9FA6BD3E2 /* UI */ = {
			isa = PBXGroup;
			children = (
				335227FC9A12394369B806E1 /* Components */,
				8AAE08FDE81CB4DE4BDB30D6 /* Views */,
				03D3B0ED2B2449A0FF803D24 /* Window */,
			);
			path = UI;
			sourceTree = "<group>";
		};
		B0E10FF4DE117CA4D3D6F245 /* Tmux */ = {
			isa = PBXGroup;
			children = (
				03128097459FA68AB16B45AE /* TmuxController.swift */,
				41D19F89A2C7E253BEEFCA20 /* TmuxPathFinder.swift */,
				464DA78A8C5C34862C32420B /* TmuxSessionMatcher.swift */,
				7101B9540657247D000E27DD /* TmuxTargetFinder.swift */,
				ABE6CBADDC6A3AC7654176D6 /* ToolApprovalHandler.swift */,
			);
			path = Tmux;
			sourceTree = "<group>";
		};
		B2571740DEA0051172CF5FF9 /* Events */ = {
			isa = PBXGroup;
			children = (
				16ED0889ABE905490F6E1070 /* EventMonitor.swift */,
				83508A2D1B606062755721D7 /* EventMonitors.swift */,
			);
			path = Events;
			sourceTree = "<group>";
		};
		B3AC2667286CC3E381EC4520 = {
			isa = PBXGroup;
			children = (
				A13FABD741219299261761DC /* Notchy */,
				DC9A645B529A200D5DD6C9D7 /* Products */,
			);
			sourceTree = "<group>";
		};
		DC9A645B529A200D5DD6C9D7 /* Products */ = {
			isa = PBXGroup;
			children = (
				2A27399F0C16B05551598DF9 /* Notchy.app */,
			);
			name = Products;
			sourceTree = "<group>";
		};
/* End PBXGroup section */

/* Begin PBXNativeTarget section */
		5A8251456383764DDDD7693B /* Notchy */ = {
			isa = PBXNativeTarget;
			buildConfigurationList = C5AB07D6BCD80C799B426D1D /* Build configuration list for PBXNativeTarget "Notchy" */;
			buildPhases = (
				CB698B097666DA24EA8DD260 /* Sources */,
				DCA641A6B5B966FD0C67FAF2 /* Frameworks */,
			);
			buildRules = (
			);
			dependencies = (
			);
			name = Notchy;
			packageProductDependencies = (
				B6BB3971E77757E9236B846B /* Markdown */,
				119AC7F66A0AEE48A32CF11A /* Sparkle */,
			);
			productName = Notchy;
			productReference = 2A27399F0C16B05551598DF9 /* Notchy.app */;
			productType = "com.apple.product-type.application";
		};
/* End PBXNativeTarget section */

/* Begin PBXProject section */
		3BF116DDD3CDA0BF72E9B072 /* Project object */ = {
			isa = PBXProject;
			attributes = {
				BuildIndependentTargetsInParallel = YES;
				LastUpgradeCheck = 1600;
				TargetAttributes = {
				};
			};
			buildConfigurationList = F244AE196A3E745C40F902F1 /* Build configuration list for PBXProject "Notchy" */;
			developmentRegion = en;
			hasScannedForEncodings = 0;
			knownRegions = (
				Base,
				en,
			);
			mainGroup = B3AC2667286CC3E381EC4520;
			minimizedProjectReferenceProxies = 1;
			packageReferences = (
				4EE85D4CE7B3301A9D3929DA /* XCRemoteSwiftPackageReference "Sparkle" */,
				6723CF3F7364A12D7BA649F4 /* XCRemoteSwiftPackageReference "swift-markdown" */,
			);
			preferredProjectObjectVersion = 77;
			productRefGroup = DC9A645B529A200D5DD6C9D7 /* Products */;
			projectDirPath = "";
			projectRoot = "";
			targets = (
				5A8251456383764DDDD7693B /* Notchy */,
			);
		};
/* End PBXProject section */

/* Begin PBXSourcesBuildPhase section */
		CB698B097666DA24EA8DD260 /* Sources */ = {
			isa = PBXSourcesBuildPhase;
			buildActionMask = 2147483647;
			files = (
				2A56EBB357C936B3611B0ED3 /* ActionButton.swift in Sources */,
				B617CFC96A0B3D16B7C4076C /* AgentFileWatcher.swift in Sources */,
				286F215E8831A0344D62077D /* AppDelegate.swift in Sources */,
				FB2E556B5DB0C97249F5CA89 /* ChatHistoryManager.swift in Sources */,
				9C9A2EA0A1D0D275542D8343 /* ChatMessage.swift in Sources */,
				AFBA7CF5CCA4719E4738A4DF /* ClaudeSessionMonitor.swift in Sources */,
				18B5F00C0FD359AB1C00D943 /* ConversationParser.swift in Sources */,
				5F5D6804EFADF546E571C00B /* EventMonitor.swift in Sources */,
				63B63D45CC6369FB63402D93 /* EventMonitors.swift in Sources */,
				B256674DE1AF2B59D1868C16 /* Ext+NSScreen.swift in Sources */,
				5B9EA54159C4FE9EE02EE6B5 /* FileSyncScheduler.swift in Sources */,
				D17D1E17B7296268F0EAC65F /* HookInstaller.swift in Sources */,
				FC4262AA57FE2CE686C2E4A5 /* HookSocketServer.swift in Sources */,
				E4059F48654D88989AB9B1ED /* JSONLInterruptWatcher.swift in Sources */,
				B599241604879F95767E3028 /* MCPToolFormatter.swift in Sources */,
				9185EFC78EFA185EDD168D1C /* NotchActivityCoordinator.swift in Sources */,
				F37B140E9A00E7E56ADC41B2 /* NotchGeometry.swift in Sources */,
				E2FCCCC06E560938CF231939 /* NotchHeaderView.swift in Sources */,
				A536742E79F229A990FA5D6A /* NotchShape.swift in Sources */,
				5969DDE6305E8D4702226FFB /* NotchView.swift in Sources */,
				A4E5095ECA2DE5930AC00670 /* NotchViewController.swift in Sources */,
				ECA1E0D03BF79727A1196BC5 /* NotchViewModel.swift in Sources */,
				629862CC618652C3C0D363E1 /* NotchWindow.swift in Sources */,
				9D23AF4FD04C9FA362554AA5 /* NotchWindowController.swift in Sources */,
				50AA6EA67F605F090F4A80FA /* NotchyApp.swift in Sources */,
				4D6B6776A90B9DD0D5F698CF /* ProcessExecutor.swift in Sources */,
				141AC652FC0B6E682914CFBC /* ProcessTreeBuilder.swift in Sources */,
				7C98D04FF1D668D5762296A3 /* ProcessingSpinner.swift in Sources */,
				78DBE0207BBFF3F9412D5ADC /* ScreenObserver.swift in Sources */,
				D1BEE456B3BF7EB0CE5492A6 /* ScreenSelector.swift in Sources */,
				BFDF4B5AB21385D063BE1B54 /* SessionEvent.swift in Sources */,
				8E836F4759EB025995F80846 /* SessionPhase.swift in Sources */,
				4A186428DAAC057A1072B612 /* SessionPhaseHelpers.swift in Sources */,
				1231F28FAA0DE3E29556D660 /* SessionState.swift in Sources */,
				932D19448966B46B02EA543C /* SessionStore.swift in Sources */,
				E78CE6AC586B98FE8801FE6D /* Settings.swift in Sources */,
				FF23E60DAF2729416DB03C32 /* SoundSelector.swift in Sources */,
				66AB6D33D08C467928B32172 /* StatusIcons.swift in Sources */,
				FA267D41F9B4D72056F359EB /* TerminalAppRegistry.swift in Sources */,
				0B4D409FCBEAAC4D417C9337 /* TerminalColors.swift in Sources */,
				87EC16167869872425D8D96D /* TerminalVisibilityDetector.swift in Sources */,
				0F3440B318C799605CF74543 /* TmuxController.swift in Sources */,
				9BB3519A1FF23135709B3A76 /* TmuxPathFinder.swift in Sources */,
				4F1B754A057DBBDB7371889C /* TmuxSessionMatcher.swift in Sources */,
				D1368DCFFCD8B554C1698910 /* TmuxTarget.swift in Sources */,
				6FD5D9E1002B364ED2999DDD /* TmuxTargetFinder.swift in Sources */,
				9E2CCFC8307F39DE9634C10B /* ToolApprovalHandler.swift in Sources */,
				2CBE11E4B9CDBD0AE3D6BAA0 /* ToolEventProcessor.swift in Sources */,
				D1D785839614A3993EF1499E /* ToolResultData.swift in Sources */,
				E5527032E84159EA245B5758 /* WindowManager.swift in Sources */,
			);
			runOnlyForDeploymentPostprocessing = 0;
		};
/* End PBXSourcesBuildPhase section */

/* Begin XCBuildConfiguration section */
		3EA1FE33C94E9824DF88EBA1 /* Debug */ = {
			isa = XCBuildConfiguration;
			buildSettings = {
				ALWAYS_SEARCH_USER_PATHS = NO;
				CLANG_ANALYZER_NONNULL = YES;
				CLANG_ANALYZER_NUMBER_OBJECT_CONVERSION = YES_AGGRESSIVE;
				CLANG_CXX_LANGUAGE_STANDARD = "gnu++14";
				CLANG_CXX_LIBRARY = "libc++";
				CLANG_ENABLE_MODULES = YES;
				CLANG_ENABLE_OBJC_ARC = YES;
				CLANG_ENABLE_OBJC_WEAK = YES;
				CLANG_WARN_BLOCK_CAPTURE_AUTORELEASING = YES;
				CLANG_WARN_BOOL_CONVERSION = YES;
				CLANG_WARN_COMMA = YES;
				CLANG_WARN_CONSTANT_CONVERSION = YES;
				CLANG_WARN_DEPRECATED_OBJC_IMPLEMENTATIONS = YES;
				CLANG_WARN_DIRECT_OBJC_ISA_USAGE = YES_ERROR;
				CLANG_WARN_DOCUMENTATION_COMMENTS = YES;
				CLANG_WARN_EMPTY_BODY = YES;
				CLANG_WARN_ENUM_CONVERSION = YES;
				CLANG_WARN_INFINITE_RECURSION = YES;
				CLANG_WARN_INT_CONVERSION = YES;
				CLANG_WARN_NON_LITERAL_NULL_CONVERSION = YES;
				CLANG_WARN_OBJC_IMPLICIT_RETAIN_SELF = YES;
				CLANG_WARN_OBJC_LITERAL_CONVERSION = YES;
				CLANG_WARN_OBJC_ROOT_CLASS = YES_ERROR;
				CLANG_WARN_QUOTED_INCLUDE_IN_FRAMEWORK_HEADER = YES;
				CLANG_WARN_RANGE_LOOP_ANALYSIS = YES;
				CLANG_WARN_STRICT_PROTOTYPES = YES;
				CLANG_WARN_SUSPICIOUS_MOVE = YES;
				CLANG_WARN_UNGUARDED_AVAILABILITY = YES_AGGRESSIVE;
				CLANG_WARN_UNREACHABLE_CODE = YES;
				CLANG_WARN__DUPLICATE_METHOD_MATCH = YES;
				COPY_PHASE_STRIP = NO;
				DEBUG_INFORMATION_FORMAT = dwarf;
				ENABLE_STRICT_OBJC_MSGSEND = YES;
				ENABLE_TESTABILITY = YES;
				GCC_C_LANGUAGE_STANDARD = gnu11;
				GCC_DYNAMIC_NO_PIC = NO;
				GCC_NO_COMMON_BLOCKS = YES;
				GCC_OPTIMIZATION_LEVEL = 0;
				GCC_PREPROCESSOR_DEFINITIONS = (
					"$(inherited)",
					"DEBUG=1",
				);
				GCC_WARN_64_TO_32_BIT_CONVERSION = YES;
				GCC_WARN_ABOUT_RETURN_TYPE = YES_ERROR;
				GCC_WARN_UNDECLARED_SELECTOR = YES;
				GCC_WARN_UNINITIALIZED_AUTOS = YES_AGGRESSIVE;
				GCC_WARN_UNUSED_FUNCTION = YES;
				GCC_WARN_UNUSED_VARIABLE = YES;
				MACOSX_DEPLOYMENT_TARGET = 15.6;
				MTL_ENABLE_DEBUG_INFO = INCLUDE_SOURCE;
				MTL_FAST_MATH = YES;
				ONLY_ACTIVE_ARCH = YES;
				PRODUCT_NAME = "$(TARGET_NAME)";
				SDKROOT = macosx;
				SWIFT_ACTIVE_COMPILATION_CONDITIONS = DEBUG;
				SWIFT_OPTIMIZATION_LEVEL = "-Onone";
				SWIFT_VERSION = 5.0;
			};
			name = Debug;
		};
		8DADAB3BDE7C3BB79D9E2EA0 /* Release */ = {
			isa = XCBuildConfiguration;
			buildSettings = {
				ASSETCATALOG_COMPILER_APPICON_NAME = AppIcon;
				CODE_SIGNING_ALLOWED = NO;
				CODE_SIGN_ENTITLEMENTS = Notchy/Resources/Notchy.entitlements;
				COMBINE_HIDPI_IMAGES = YES;
				CURRENT_PROJECT_VERSION = 1;
				GENERATE_INFOPLIST_FILE = NO;
				INFOPLIST_FILE = Notchy/Info.plist;
				LD_RUNPATH_SEARCH_PATHS = (
					"$(inherited)",
					"@executable_path/../Frameworks",
				);
				MACOSX_DEPLOYMENT_TARGET = 15.6;
				MARKETING_VERSION = 1.0.0;
				PRODUCT_BUNDLE_IDENTIFIER = com.notchy.app;
				SDKROOT = macosx;
				SWIFT_VERSION = 6.0;
			};
			name = Release;
		};
		D304DE2549AA1B818A48A5C6 /* Release */ = {
			isa = XCBuildConfiguration;
			buildSettings = {
				ALWAYS_SEARCH_USER_PATHS = NO;
				CLANG_ANALYZER_NONNULL = YES;
				CLANG_ANALYZER_NUMBER_OBJECT_CONVERSION = YES_AGGRESSIVE;
				CLANG_CXX_LANGUAGE_STANDARD = "gnu++14";
				CLANG_CXX_LIBRARY = "libc++";
				CLANG_ENABLE_MODULES = YES;
				CLANG_ENABLE_OBJC_ARC = YES;
				CLANG_ENABLE_OBJC_WEAK = YES;
				CLANG_WARN_BLOCK_CAPTURE_AUTORELEASING = YES;
				CLANG_WARN_BOOL_CONVERSION = YES;
				CLANG_WARN_COMMA = YES;
				CLANG_WARN_CONSTANT_CONVERSION = YES;
				CLANG_WARN_DEPRECATED_OBJC_IMPLEMENTATIONS = YES;
				CLANG_WARN_DIRECT_OBJC_ISA_USAGE = YES_ERROR;
				CLANG_WARN_DOCUMENTATION_COMMENTS = YES;
				CLANG_WARN_EMPTY_BODY = YES;
				CLANG_WARN_ENUM_CONVERSION = YES;
				CLANG_WARN_INFINITE_RECURSION = YES;
				CLANG_WARN_INT_CONVERSION = YES;
				CLANG_WARN_NON_LITERAL_NULL_CONVERSION = YES;
				CLANG_WARN_OBJC_IMPLICIT_RETAIN_SELF = YES;
				CLANG_WARN_OBJC_LITERAL_CONVERSION = YES;
				CLANG_WARN_OBJC_ROOT_CLASS = YES_ERROR;
				CLANG_WARN_QUOTED_INCLUDE_IN_FRAMEWORK_HEADER = YES;
				CLANG_WARN_RANGE_LOOP_ANALYSIS = YES;
				CLANG_WARN_STRICT_PROTOTYPES = YES;
				CLANG_WARN_SUSPICIOUS_MOVE = YES;
				CLANG_WARN_UNGUARDED_AVAILABILITY = YES_AGGRESSIVE;
				CLANG_WARN_UNREACHABLE_CODE = YES;
				CLANG_WARN__DUPLICATE_METHOD_MATCH = YES;
				COPY_PHASE_STRIP = NO;
				DEBUG_INFORMATION_FORMAT = "dwarf-with-dsym";
				ENABLE_NS_ASSERTIONS = NO;
				ENABLE_STRICT_OBJC_MSGSEND = YES;
				GCC_C_LANGUAGE_STANDARD = gnu11;
				GCC_NO_COMMON_BLOCKS = YES;
				GCC_WARN_64_TO_32_BIT_CONVERSION = YES;
				GCC_WARN_ABOUT_RETURN_TYPE = YES_ERROR;
				GCC_WARN_UNDECLARED_SELECTOR = YES;
				GCC_WARN_UNINITIALIZED_AUTOS = YES_AGGRESSIVE;
				GCC_WARN_UNUSED_FUNCTION = YES;
				GCC_WARN_UNUSED_VARIABLE = YES;
				MACOSX_DEPLOYMENT_TARGET = 15.6;
				MTL_ENABLE_DEBUG_INFO = NO;
				MTL_FAST_MATH = YES;
				PRODUCT_NAME = "$(TARGET_NAME)";
				SDKROOT = macosx;
				SWIFT_COMPILATION_MODE = wholemodule;
				SWIFT_OPTIMIZATION_LEVEL = "-O";
				SWIFT_VERSION = 5.0;
			};
			name = Release;
		};
		E4C1AB87203FA909E24B65DC /* Debug */ = {
			isa = XCBuildConfiguration;
			buildSettings = {
				ASSETCATALOG_COMPILER_APPICON_NAME = AppIcon;
				CODE_SIGNING_ALLOWED = NO;
				CODE_SIGN_ENTITLEMENTS = Notchy/Resources/Notchy.entitlements;
				COMBINE_HIDPI_IMAGES = YES;
				CURRENT_PROJECT_VERSION = 1;
				GENERATE_INFOPLIST_FILE = NO;
				INFOPLIST_FILE = Notchy/Info.plist;
				LD_RUNPATH_SEARCH_PATHS = (
					"$(inherited)",
					"@executable_path/../Frameworks",
				);
				MACOSX_DEPLOYMENT_TARGET = 15.6;
				MARKETING_VERSION = 1.0.0;
				PRODUCT_BUNDLE_IDENTIFIER = com.notchy.app;
				SDKROOT = macosx;
				SWIFT_VERSION = 6.0;
			};
			name = Debug;
		};
/* End XCBuildConfiguration section */

/* Begin XCConfigurationList section */
		C5AB07D6BCD80C799B426D1D /* Build configuration list for PBXNativeTarget "Notchy" */ = {
			isa = XCConfigurationList;
			buildConfigurations = (
				E4C1AB87203FA909E24B65DC /* Debug */,
				8DADAB3BDE7C3BB79D9E2EA0 /* Release */,
			);
			defaultConfigurationIsVisible = 0;
			defaultConfigurationName = Debug;
		};
		F244AE196A3E745C40F902F1 /* Build configuration list for PBXProject "Notchy" */ = {
			isa = XCConfigurationList;
			buildConfigurations = (
				3EA1FE33C94E9824DF88EBA1 /* Debug */,
				D304DE2549AA1B818A48A5C6 /* Release */,
			);
			defaultConfigurationIsVisible = 0;
			defaultConfigurationName = Debug;
		};
/* End XCConfigurationList section */

/* Begin XCRemoteSwiftPackageReference section */
		4EE85D4CE7B3301A9D3929DA /* XCRemoteSwiftPackageReference "Sparkle" */ = {
			isa = XCRemoteSwiftPackageReference;
			repositoryURL = "https://github.com/sparkle-project/Sparkle.git";
			requirement = {
				kind = upToNextMajorVersion;
				minimumVersion = 2.6.0;
			};
		};
		6723CF3F7364A12D7BA649F4 /* XCRemoteSwiftPackageReference "swift-markdown" */ = {
			isa = XCRemoteSwiftPackageReference;
			repositoryURL = "https://github.com/swiftlang/swift-markdown.git";
			requirement = {
				kind = upToNextMajorVersion;
				minimumVersion = 0.4.0;
			};
		};
/* End XCRemoteSwiftPackageReference section */

/* Begin XCSwiftPackageProductDependency section */
		119AC7F66A0AEE48A32CF11A /* Sparkle */ = {
			isa = XCSwiftPackageProductDependency;
			package = 4EE85D4CE7B3301A9D3929DA /* XCRemoteSwiftPackageReference "Sparkle" */;
			productName = Sparkle;
		};
		B6BB3971E77757E9236B846B /* Markdown */ = {
			isa = XCSwiftPackageProductDependency;
			package = 6723CF3F7364A12D7BA649F4 /* XCRemoteSwiftPackageReference "swift-markdown" */;
			productName = Markdown;
		};
/* End XCSwiftPackageProductDependency section */
	};
	rootObject = 3BF116DDD3CDA0BF72E9B072 /* Project object */;
}
